// !$*UTF8*$!
{
	archiveVersion = 1;
	classes = {
	};
	objectVersion = 56;
	objects = {

/* Begin PBXBuildFile section */
		CAE7CFE82A2CD22E003DA6A2 /* AppDelegate.swift in Sources */ = {isa = PBXBuildFile; fileRef = CAE7CFE72A2CD22E003DA6A2 /* AppDelegate.swift */; };
		CAE7CFEA2A2CD22E003DA6A2 /* SceneDelegate.swift in Sources */ = {isa = PBXBuildFile; fileRef = CAE7CFE92A2CD22E003DA6A2 /* SceneDelegate.swift */; };
		CAE7CFEC2A2CD22E003DA6A2 /* ViewController.swift in Sources */ = {isa = PBXBuildFile; fileRef = CAE7CFEB2A2CD22E003DA6A2 /* ViewController.swift */; };
		CAE7CFEF2A2CD22E003DA6A2 /* Main.storyboard in Resources */ = {isa = PBXBuildFile; fileRef = CAE7CFED2A2CD22E003DA6A2 /* Main.storyboard */; };
		CAE7CFF12A2CD22F003DA6A2 /* Assets.xcassets in Resources */ = {isa = PBXBuildFile; fileRef = CAE7CFF02A2CD22F003DA6A2 /* Assets.xcassets */; };
		CAE7CFF42A2CD22F003DA6A2 /* LaunchScreen.storyboard in Resources */ = {isa = PBXBuildFile; fileRef = CAE7CFF22A2CD22F003DA6A2 /* LaunchScreen.storyboard */; };
		CAE7CFFD2A2CD439003DA6A2 /* HealthKit.framework in Frameworks */ = {isa = PBXBuildFile; fileRef = CAE7CFFC2A2CD439003DA6A2 /* HealthKit.framework */; };
		CAE7D0002A2D0AE3003DA6A2 /* WelcomeViewController.swift in Sources */ = {isa = PBXBuildFile; fileRef = CAE7CFFF2A2D0AE3003DA6A2 /* WelcomeViewController.swift */; };
/* End PBXBuildFile section */

/* Begin PBXFileReference section */
		CAE7CFE42A2CD22E003DA6A2 /* WebmobiAssignment.app */ = {isa = PBXFileReference; explicitFileType = wrapper.application; includeInIndex = 0; path = WebmobiAssignment.app; sourceTree = BUILT_PRODUCTS_DIR; };
		CAE7CFE72A2CD22E003DA6A2 /* AppDelegate.swift */ = {isa = PBXFileReference; lastKnownFileType = sourcecode.swift; path = AppDelegate.swift; sourceTree = "<group>"; };
		CAE7CFE92A2CD22E003DA6A2 /* SceneDelegate.swift */ = {isa = PBXFileReference; lastKnownFileType = sourcecode.swift; path = SceneDelegate.swift; sourceTree = "<group>"; };
		CAE7CFEB2A2CD22E003DA6A2 /* ViewController.swift */ = {isa = PBXFileReference; lastKnownFileType = sourcecode.swift; path = ViewController.swift; sourceTree = "<group>"; };
		CAE7CFEE2A2CD22E003DA6A2 /* Base */ = {isa = PBXFileReference; lastKnownFileType = file.storyboard; name = Base; path = Base.lproj/Main.storyboard; sourceTree = "<group>"; };
		CAE7CFF02A2CD22F003DA6A2 /* Assets.xcassets */ = {isa = PBXFileReference; lastKnownFileType = folder.assetcatalog; path = Assets.xcassets; sourceTree = "<group>"; };
		CAE7CFF32A2CD22F003DA6A2 /* Base */ = {isa = PBXFileReference; lastKnownFileType = file.storyboard; name = Base; path = Base.lproj/LaunchScreen.storyboard; sourceTree = "<group>"; };
		CAE7CFF52A2CD22F003DA6A2 /* Info.plist */ = {isa = PBXFileReference; lastKnownFileType = text.plist.xml; path = Info.plist; sourceTree = "<group>"; };
		CAE7CFFC2A2CD439003DA6A2 /* HealthKit.framework */ = {isa = PBXFileReference; lastKnownFileType = wrapper.framework; name = HealthKit.framework; path = System/Library/Frameworks/HealthKit.framework; sourceTree = SDKROOT; };
		CAE7CFFE2A2CD9D6003DA6A2 /* WebmobiAssignment.entitlements */ = {isa = PBXFileReference; lastKnownFileType = text.plist.entitlements; path = WebmobiAssignment.entitlements; sourceTree = "<group>"; };
		CAE7CFFF2A2D0AE3003DA6A2 /* WelcomeViewController.swift */ = {isa = PBXFileReference; lastKnownFileType = sourcecode.swift; path = WelcomeViewController.swift; sourceTree = "<group>"; };
/* End PBXFileReference section */

/* Begin PBXFrameworksBuildPhase section */
		CAE7CFE12A2CD22E003DA6A2 /* Frameworks */ = {
			isa = PBXFrameworksBuildPhase;
			buildActionMask = 2147483647;
			files = (
				CAE7CFFD2A2CD439003DA6A2 /* HealthKit.framework in Frameworks */,
			);
			runOnlyForDeploymentPostprocessing = 0;
		};
/* End PBXFrameworksBuildPhase section */

/* Begin PBXGroup section */
		CAE7CFDB2A2CD22E003DA6A2 = {
			isa = PBXGroup;
			children = (
				CAE7CFE62A2CD22E003DA6A2 /* WebmobiAssignment */,
				CAE7CFE52A2CD22E003DA6A2 /* Products */,
				CAE7CFFB2A2CD439003DA6A2 /* Frameworks */,
			);
			sourceTree = "<group>";
		};
		CAE7CFE52A2CD22E003DA6A2 /* Products */ = {
			isa = PBXGroup;
			children = (
				CAE7CFE42A2CD22E003DA6A2 /* WebmobiAssignment.app */,
			);
			name = Products;
			sourceTree = "<group>";
		};
		CAE7CFE62A2CD22E003DA6A2 /* WebmobiAssignment */ = {
			isa = PBXGroup;
			children = (
				CAE7CFFE2A2CD9D6003DA6A2 /* WebmobiAssignment.entitlements */,
				CAE7CFE72A2CD22E003DA6A2 /* AppDelegate.swift */,
				CAE7CFE92A2CD22E003DA6A2 /* SceneDelegate.swift */,
				CAE7CFFF2A2D0AE3003DA6A2 /* WelcomeViewController.swift */,
				CAE7CFEB2A2CD22E003DA6A2 /* ViewController.swift */,
				CAE7CFED2A2CD22E003DA6A2 /* Main.storyboard */,
				CAE7CFF02A2CD22F003DA6A2 /* Assets.xcassets */,
				CAE7CFF22A2CD22F003DA6A2 /* LaunchScreen.storyboard */,
				CAE7CFF52A2CD22F003DA6A2 /* Info.plist */,
			);
			path = WebmobiAssignment;
			sourceTree = "<group>";
		};
		CAE7CFFB2A2CD439003DA6A2 /* Frameworks */ = {
			isa = PBXGroup;
			children = (
				CAE7CFFC2A2CD439003DA6A2 /* HealthKit.framework */,
			);
			name = Frameworks;
			sourceTree = "<group>";
		};
/* End PBXGroup section */

/* Begin PBXNativeTarget section */
		CAE7CFE32A2CD22E003DA6A2 /* WebmobiAssignment */ = {
			isa = PBXNativeTarget;
			buildConfigurationList = CAE7CFF82A2CD22F003DA6A2 /* Build configuration list for PBXNativeTarget "WebmobiAssignment" */;
			buildPhases = (
				CAE7CFE02A2CD22E003DA6A2 /* Sources */,
				CAE7CFE12A2CD22E003DA6A2 /* Frameworks */,
				CAE7CFE22A2CD22E003DA6A2 /* Resources */,
			);
			buildRules = (
			);
			dependencies = (
			);
			name = WebmobiAssignment;
			productName = WebmobiAssignment;
			productReference = CAE7CFE42A2CD22E003DA6A2 /* WebmobiAssignment.app */;
			productType = "com.apple.product-type.application";
		};
/* End PBXNativeTarget section */

/* Begin PBXProject section */
		CAE7CFDC2A2CD22E003DA6A2 /* Project object */ = {
			isa = PBXProject;
			attributes = {
				BuildIndependentTargetsInParallel = 1;
				LastSwiftUpdateCheck = 1430;
				LastUpgradeCheck = 1430;
				TargetAttributes = {
					CAE7CFE32A2CD22E003DA6A2 = {
						CreatedOnToolsVersion = 14.3.1;
					};
				};
			};
			buildConfigurationList = CAE7CFDF2A2CD22E003DA6A2 /* Build configuration list for PBXProject "WebmobiAssignment" */;
			compatibilityVersion = "Xcode 14.0";
			developmentRegion = en;
			hasScannedForEncodings = 0;
			knownRegions = (
				en,
				Base,
			);
			mainGroup = CAE7CFDB2A2CD22E003DA6A2;
			productRefGroup = CAE7CFE52A2CD22E003DA6A2 /* Products */;
			projectDirPath = "";
			projectRoot = "";
			targets = (
				CAE7CFE32A2CD22E003DA6A2 /* WebmobiAssignment */,
			);
		};
/* End PBXProject section */

/* Begin PBXResourcesBuildPhase section */
		CAE7CFE22A2CD22E003DA6A2 /* Resources */ = {
			isa = PBXResourcesBuildPhase;
			buildActionMask = 2147483647;
			files = (
				CAE7CFF42A2CD22F003DA6A2 /* LaunchScreen.storyboard in Resources */,
				CAE7CFF12A2CD22F003DA6A2 /* Assets.xcassets in Resources */,
				CAE7CFEF2A2CD22E003DA6A2 /* Main.storyboard in Resources */,
			);
			runOnlyForDeploymentPostprocessing = 0;
		};
/* End PBXResourcesBuildPhase section */

/* Begin PBXSourcesBuildPhase section */
		CAE7CFE02A2CD22E003DA6A2 /* Sources */ = {
			isa = PBXSourcesBuildPhase;
			buildActionMask = 2147483647;
			files = (
				CAE7CFEC2A2CD22E003DA6A2 /* ViewController.swift in Sources */,
				CAE7D0002A2D0AE3003DA6A2 /* WelcomeViewController.swift in Sources */,
				CAE7CFE82A2CD22E003DA6A2 /* AppDelegate.swift in Sources */,
				CAE7CFEA2A2CD22E003DA6A2 /* SceneDelegate.swift in Sources */,
			);
			runOnlyForDeploymentPostprocessing = 0;
		};
/* End PBXSourcesBuildPhase section */

/* Begin PBXVariantGroup section */
		CAE7CFED2A2CD22E003DA6A2 /* Main.storyboard */ = {
			isa = PBXVariantGroup;
			children = (
				CAE7CFEE2A2CD22E003DA6A2 /* Base */,
			);
			name = Main.storyboard;
			sourceTree = "<group>";
		};
		CAE7CFF22A2CD22F003DA6A2 /* LaunchScreen.storyboard */ = {
			isa = PBXVariantGroup;
			children = (
				CAE7CFF32A2CD22F003DA6A2 /* Base */,
			);
			name = LaunchScreen.storyboard;
			sourceTree = "<group>";
		};
/* End PBXVariantGroup section */

/* Begin XCBuildConfiguration section */
		CAE7CFF62A2CD22F003DA6A2 /* Debug */ = {
			isa = XCBuildConfiguration;
			buildSettings = {
				ALWAYS_SEARCH_USER_PATHS = NO;
				CLANG_ANALYZER_NONNULL = YES;
				CLANG_ANALYZER_NUMBER_OBJECT_CONVERSION = YES_AGGRESSIVE;
				CLANG_CXX_LANGUAGE_STANDARD = "gnu++20";
				CLANG_ENABLE_MODULES = YES;
				CLANG_ENABLE_OBJC_ARC = YES;
				CLANG_ENABLE_OBJC_WEAK = YES;
				CLANG_WARN_BLOCK_CAPTURE_AUTORELEASING = YES;
				CLANG_WARN_BOOL_CONVERSION = YES;
				CLANG_WARN_COMMA = YES;
				CLANG_WARN_CONSTANT_CONVERSION = YES;
				CLANG_WARN_DEPRECATED_OBJC_IMPLEMENTATIONS = YES;
				CLANG_WARN_DIRECT_OBJC_ISA_USAGE = YES_ERROR;
				CLANG_WARN_DOCUMENTATION_COMMENTS = YES;
				CLANG_WARN_EMPTY_BODY = YES;
				CLANG_WARN_ENUM_CONVERSION = YES;
				CLANG_WARN_INFINITE_RECURSION = YES;
				CLANG_WARN_INT_CONVERSION = YES;
				CLANG_WARN_NON_LITERAL_NULL_CONVERSION = YES;
				CLANG_WARN_OBJC_IMPLICIT_RETAIN_SELF = YES;
				CLANG_WARN_OBJC_LITERAL_CONVERSION = YES;
				CLANG_WARN_OBJC_ROOT_CLASS = YES_ERROR;
				CLANG_WARN_QUOTED_INCLUDE_IN_FRAMEWORK_HEADER = YES;
				CLANG_WARN_RANGE_LOOP_ANALYSIS = YES;
				CLANG_WARN_STRICT_PROTOTYPES = YES;
				CLANG_WARN_SUSPICIOUS_MOVE = YES;
				CLANG_WARN_UNGUARDED_AVAILABILITY = YES_AGGRESSIVE;
				CLANG_WARN_UNREACHABLE_CODE = YES;
				CLANG_WARN__DUPLICATE_METHOD_MATCH = YES;
				COPY_PHASE_STRIP = NO;
				DEBUG_INFORMATION_FORMAT = dwarf;
				ENABLE_STRICT_OBJC_MSGSEND = YES;
				ENABLE_TESTABILITY = YES;
				GCC_C_LANGUAGE_STANDARD = gnu11;
				GCC_DYNAMIC_NO_PIC = NO;
				GCC_NO_COMMON_BLOCKS = YES;
				GCC_OPTIMIZATION_LEVEL = 0;
				GCC_PREPROCESSOR_DEFINITIONS = (
					"DEBUG=1",
					"$(inherited)",
				);
				GCC_WARN_64_TO_32_BIT_CONVERSION = YES;
				GCC_WARN_ABOUT_RETURN_TYPE = YES_ERROR;
				GCC_WARN_UNDECLARED_SELECTOR = YES;
				GCC_WARN_UNINITIALIZED_AUTOS = YES_AGGRESSIVE;
				GCC_WARN_UNUSED_FUNCTION = YES;
				GCC_WARN_UNUSED_VARIABLE = YES;
				IPHONEOS_DEPLOYMENT_TARGET = 16.4;
				MTL_ENABLE_DEBUG_INFO = INCLUDE_SOURCE;
				MTL_FAST_MATH = YES;
				ONLY_ACTIVE_ARCH = YES;
				SDKROOT = iphoneos;
				SWIFT_ACTIVE_COMPILATION_CONDITIONS = DEBUG;
				SWIFT_OPTIMIZATION_LEVEL = "-Onone";
			};
			name = Debug;
		};
		CAE7CFF72A2CD22F003DA6A2 /* Release */ = {
			isa = XCBuildConfiguration;
			buildSettings = {
				ALWAYS_SEARCH_USER_PATHS = NO;
				CLANG_ANALYZER_NONNULL = YES;
				CLANG_ANALYZER_NUMBER_OBJECT_CONVERSION = YES_AGGRESSIVE;
				CLANG_CXX_LANGUAGE_STANDARD = "gnu++20";
				CLANG_ENABLE_MODULES = YES;
				CLANG_ENABLE_OBJC_ARC = YES;
				CLANG_ENABLE_OBJC_WEAK = YES;
				CLANG_WARN_BLOCK_CAPTURE_AUTORELEASING = YES;
				CLANG_WARN_BOOL_CONVERSION = YES;
				CLANG_WARN_COMMA = YES;
				CLANG_WARN_CONSTANT_CONVERSION = YES;
				CLANG_WARN_DEPRECATED_OBJC_IMPLEMENTATIONS = YES;
				CLANG_WARN_DIRECT_OBJC_ISA_USAGE = YES_ERROR;
				CLANG_WARN_DOCUMENTATION_COMMENTS = YES;
				CLANG_WARN_EMPTY_BODY = YES;
				CLANG_WARN_ENUM_CONVERSION = YES;
				CLANG_WARN_INFINITE_RECURSION = YES;
				CLANG_WARN_INT_CONVERSION = YES;
				CLANG_WARN_NON_LITERAL_NULL_CONVERSION = YES;
				CLANG_WARN_OBJC_IMPLICIT_RETAIN_SELF = YES;
				CLANG_WARN_OBJC_LITERAL_CONVERSION = YES;
				CLANG_WARN_OBJC_ROOT_CLASS = YES_ERROR;
				CLANG_WARN_QUOTED_INCLUDE_IN_FRAMEWORK_HEADER = YES;
				CLANG_WARN_RANGE_LOOP_ANALYSIS = YES;
				CLANG_WARN_STRICT_PROTOTYPES = YES;
				CLANG_WARN_SUSPICIOUS_MOVE = YES;
				CLANG_WARN_UNGUARDED_AVAILABILITY = YES_AGGRESSIVE;
				CLANG_WARN_UNREACHABLE_CODE = YES;
				CLANG_WARN__DUPLICATE_METHOD_MATCH = YES;
				COPY_PHASE_STRIP = NO;
				DEBUG_INFORMATION_FORMAT = "dwarf-with-dsym";
				ENABLE_NS_ASSERTIONS = NO;
				ENABLE_STRICT_OBJC_MSGSEND = YES;
				GCC_C_LANGUAGE_STANDARD = gnu11;
				GCC_NO_COMMON_BLOCKS = YES;
				GCC_WARN_64_TO_32_BIT_CONVERSION = YES;
				GCC_WARN_ABOUT_RETURN_TYPE = YES_ERROR;
				GCC_WARN_UNDECLARED_SELECTOR = YES;
				GCC_WARN_UNINITIALIZED_AUTOS = YES_AGGRESSIVE;
				GCC_WARN_UNUSED_FUNCTION = YES;
				GCC_WARN_UNUSED_VARIABLE = YES;
				IPHONEOS_DEPLOYMENT_TARGET = 16.4;
				MTL_ENABLE_DEBUG_INFO = NO;
				MTL_FAST_MATH = YES;
				SDKROOT = iphoneos;
				SWIFT_COMPILATION_MODE = wholemodule;
				SWIFT_OPTIMIZATION_LEVEL = "-O";
				VALIDATE_PRODUCT = YES;
			};
			name = Release;
		};
		CAE7CFF92A2CD22F003DA6A2 /* Debug */ = {
			isa = XCBuildConfiguration;
			buildSettings = {
				ASSETCATALOG_COMPILER_APPICON_NAME = AppIcon;
				ASSETCATALOG_COMPILER_GLOBAL_ACCENT_COLOR_NAME = AccentColor;
				CODE_SIGN_ENTITLEMENTS = WebmobiAssignment/WebmobiAssignment.entitlements;
				CODE_SIGN_STYLE = Automatic;
				CURRENT_PROJECT_VERSION = 1;
				DEVELOPMENT_TEAM = SDANUXUBFX;
				GENERATE_INFOPLIST_FILE = YES;
				INFOPLIST_FILE = WebmobiAssignment/Info.plist;
				INFOPLIST_KEY_UIApplicationSupportsIndirectInputEvents = YES;
				INFOPLIST_KEY_UILaunchStoryboardName = LaunchScreen;
				INFOPLIST_KEY_UIMainStoryboardFile = Main;
				INFOPLIST_KEY_UISupportedInterfaceOrientations_iPad = "UIInterfaceOrientationPortrait UIInterfaceOrientationPortraitUpsideDown UIInterfaceOrientationLandscapeLeft UIInterfaceOrientationLandscapeRight";
				INFOPLIST_KEY_UISupportedInterfaceOrientations_iPhone = "UIInterfaceOrientationPortrait UIInterfaceOrientationLandscapeLeft UIInterfaceOrientationLandscapeRight";
				IPHONEOS_DEPLOYMENT_TARGET = 16.4;
				LD_RUNPATH_SEARCH_PATHS = (
					"$(inherited)",
					"@executable_path/Frameworks",
				);
				MARKETING_VERSION = 1.0;
				PRODUCT_BUNDLE_IDENTIFIER = com.sumayya.WebmobiAssignment;
				PRODUCT_NAME = "$(TARGET_NAME)";
				SWIFT_EMIT_LOC_STRINGS = YES;
				SWIFT_VERSION = 5.0;
				TARGETED_DEVICE_FAMILY = "1,2";
			};
			name = Debug;
		};
		CAE7CFFA2A2CD22F003DA6A2 /* Release */ = {
			isa = XCBuildConfiguration;
			buildSettings = {
				ASSETCATALOG_COMPILER_APPICON_NAME = AppIcon;
				ASSETCATALOG_COMPILER_GLOBAL_ACCENT_COLOR_NAME = AccentColor;
				CODE_SIGN_ENTITLEMENTS = WebmobiAssignment/WebmobiAssignment.entitlements;
				CODE_SIGN_STYLE = Automatic;
				CURRENT_PROJECT_VERSION = 1;
				DEVELOPMENT_TEAM = SDANUXUBFX;
				GENERATE_INFOPLIST_FILE = YES;
				INFOPLIST_FILE = WebmobiAssignment/Info.plist;
				INFOPLIST_KEY_UIApplicationSupportsIndirectInputEvents = YES;
				INFOPLIST_KEY_UILaunchStoryboardName = LaunchScreen;
				INFOPLIST_KEY_UIMainStoryboardFile = Main;
				INFOPLIST_KEY_UISupportedInterfaceOrientations_iPad = "UIInterfaceOrientationPortrait UIInterfaceOrientationPortraitUpsideDown UIInterfaceOrientationLandscapeLeft UIInterfaceOrientationLandscapeRight";
				INFOPLIST_KEY_UISupportedInterfaceOrientations_iPhone = "UIInterfaceOrientationPortrait UIInterfaceOrientationLandscapeLeft UIInterfaceOrientationLandscapeRight";
				IPHONEOS_DEPLOYMENT_TARGET = 16.4;
				LD_RUNPATH_SEARCH_PATHS = (
					"$(inherited)",
					"@executable_path/Frameworks",
				);
				MARKETING_VERSION = 1.0;
				PRODUCT_BUNDLE_IDENTIFIER = com.sumayya.WebmobiAssignment;
				PRODUCT_NAME = "$(TARGET_NAME)";
				SWIFT_EMIT_LOC_STRINGS = YES;
				SWIFT_VERSION = 5.0;
				TARGETED_DEVICE_FAMILY = "1,2";
			};
			name = Release;
		};
/* End XCBuildConfiguration section */

/* Begin XCConfigurationList section */
		CAE7CFDF2A2CD22E003DA6A2 /* Build configuration list for PBXProject "WebmobiAssignment" */ = {
			isa = XCConfigurationList;
			buildConfigurations = (
				CAE7CFF62A2CD22F003DA6A2 /* Debug */,
				CAE7CFF72A2CD22F003DA6A2 /* Release */,
			);
			defaultConfigurationIsVisible = 0;
			defaultConfigurationName = Release;
		};
		CAE7CFF82A2CD22F003DA6A2 /* Build configuration list for PBXNativeTarget "WebmobiAssignment" */ = {
			isa = XCConfigurationList;
			buildConfigurations = (
				CAE7CFF92A2CD22F003DA6A2 /* Debug */,
				CAE7CFFA2A2CD22F003DA6A2 /* Release */,
			);
			defaultConfigurationIsVisible = 0;
			defaultConfigurationName = Release;
		};
/* End XCConfigurationList section */
	};
	rootObject = CAE7CFDC2A2CD22E003DA6A2 /* Project object */;
}
